
Microsoft Visual Studio Solution File, Format Version 12.00
Project("{FAE04EC0-301F-11D3-BF4B-00C04F79EFBC}") = "LibraryApi", "LibraryApi\LibraryApi.csproj", "{85980EB2-B540-4193-BBCA-55B4B1F4BAC6}"
EndProject
Project("{FAE04EC0-301F-11D3-BF4B-00C04F79EFBC}") = "LibraryApi.Tests", "LibraryApi.Tests\LibraryApi.Tests.csproj", "{843F8D08-5AAD-4524-880E-D7D212A52218}"
EndProject
Global
	GlobalSection(SolutionConfigurationPlatforms) = preSolution
		Debug|Any CPU = Debug|Any CPU
		Release|Any CPU = Release|Any CPU
	EndGlobalSection
	GlobalSection(ProjectConfigurationPlatforms) = postSolution
		{85980EB2-B540-4193-BBCA-55B4B1F4BAC6}.Debug|Any CPU.ActiveCfg = Debug|Any CPU
		{85980EB2-B540-4193-BBCA-55B4B1F4BAC6}.Debug|Any CPU.Build.0 = Debug|Any CPU
		{85980EB2-B540-4193-BBCA-55B4B1F4BAC6}.Release|Any CPU.ActiveCfg = Release|Any CPU
		{85980EB2-B540-4193-BBCA-55B4B1F4BAC6}.Release|Any CPU.Build.0 = Release|Any CPU
		{843F8D08-5AAD-4524-880E-D7D212A52218}.Debug|Any CPU.ActiveCfg = Debug|Any CPU
		{843F8D08-5AAD-4524-880E-D7D212A52218}.Debug|Any CPU.Build.0 = Debug|Any CPU
		{843F8D08-5AAD-4524-880E-D7D212A52218}.Release|Any CPU.ActiveCfg = Release|Any CPU
		{843F8D08-5AAD-4524-880E-D7D212A52218}.Release|Any CPU.Build.0 = Release|Any CPU
	EndGlobalSection
EndGlobal
